
Microsoft Visual Studio Solution File, Format Version 12.00
# Visual Studio 14
VisualStudioVersion = 14.0.25420.1
MinimumVisualStudioVersion = 10.0.40219.1
Project("{FAE04EC0-301F-11D3-BF4B-00C04F79EFBC}") = "comerciales", "comerciales\comerciales.csproj", "{CD0DB874-BE4D-41CA-B0D3-3E6AC8DFC5A2}"
EndProject
Global
	GlobalSection(SolutionConfigurationPlatforms) = preSolution
		Debug|Any CPU = Debug|Any CPU
		Release|Any CPU = Release|Any CPU
	EndGlobalSection
	GlobalSection(ProjectConfigurationPlatforms) = postSolution
		{CD0DB874-BE4D-41CA-B0D3-3E6AC8DFC5A2}.Debug|Any CPU.ActiveCfg = Debug|Any CPU
		{CD0DB874-BE4D-41CA-B0D3-3E6AC8DFC5A2}.Debug|Any CPU.Build.0 = Debug|Any CPU
		{CD0DB874-BE4D-41CA-B0D3-3E6AC8DFC5A2}.Release|Any CPU.ActiveCfg = Release|Any CPU
		{CD0DB874-BE4D-41CA-B0D3-3E6AC8DFC5A2}.Release|Any CPU.Build.0 = Release|Any CPU
	EndGlobalSection
	GlobalSection(SolutionProperties) = preSolution
		HideSolutionNode = FALSE
	EndGlobalSection
EndGlobal
